
Microsoft Visual Studio Solution File, Format Version 12.00
# Visual Studio Version 17
VisualStudioVersion = 17.0.32002.185
MinimumVisualStudioVersion = 10.0.40219.1
Project("{9A19103F-16F7-4668-BE54-9A1E7A4F7556}") = "BlazorServerChat", "BlazorServerChat\BlazorServerChat.csproj", "{AD402A23-DA2D-454B-8309-FC9B661C51D5}"
EndProject
Global
	GlobalSection(SolutionConfigurationPlatforms) = preSolution
		Debug|Any CPU = Debug|Any CPU
		Release|Any CPU = Release|Any CPU
	EndGlobalSection
	GlobalSection(ProjectConfigurationPlatforms) = postSolution
		{AD402A23-DA2D-454B-8309-FC9B661C51D5}.Debug|Any CPU.ActiveCfg = Debug|Any CPU
		{AD402A23-DA2D-454B-8309-FC9B661C51D5}.Debug|Any CPU.Build.0 = Debug|Any CPU
		{AD402A23-DA2D-454B-8309-FC9B661C51D5}.Release|Any CPU.ActiveCfg = Release|Any CPU
		{AD402A23-DA2D-454B-8309-FC9B661C51D5}.Release|Any CPU.Build.0 = Release|Any CPU
	EndGlobalSection
	GlobalSection(SolutionProperties) = preSolution
		HideSolutionNode = FALSE
	EndGlobalSection
	GlobalSection(ExtensibilityGlobals) = postSolution
		SolutionGuid = {D2819A48-C99F-4BBB-9F3A-F7577767F48A}
	EndGlobalSection
EndGlobal
